{
  "name": "aws-lambda-template",
  "version": "0.0.1",
  "lockfileVersion": 1,
  "requires": true,
  "dependencies": {
    "luxon": {
      "version": "1.16.1",
      "resolved": "https://registry.npmjs.org/luxon/-/luxon-1.16.1.tgz",
      "integrity": "sha512-3aYYMFpIRdEQJl00ki+NDr2zx/Ulf7ZgohBUb6ifZQuVkP8/KCYJluISl0YNbvZXBdzCbVhpQnS4M6Svjpn7EA=="
    }
  }
}
